
Microsoft Visual Studio Solution File, Format Version 12.00
# Visual Studio Version 17
VisualStudioVersion = 17.14.36121.58
MinimumVisualStudioVersion = 10.0.40219.1
Project("{FAE04EC0-301F-11D3-BF4B-00C04F79EFBC}") = "DesignPatterns", "DesignPatterns\DesignPatterns.csproj", "{9F04C822-71CC-4366-9CA0-0266D67019C7}"
EndProject
Project("{FAE04EC0-301F-11D3-BF4B-00C04F79EFBC}") = "DesignPatternsApp", "DesignPatternsApp\DesignPatternsApp.csproj", "{9A30E848-F73D-41FF-B300-CCAA4D441E09}"
EndProject
Global
	GlobalSection(SolutionConfigurationPlatforms) = preSolution
		Debug|Any CPU = Debug|Any CPU
		Release|Any CPU = Release|Any CPU
	EndGlobalSection
	GlobalSection(ProjectConfigurationPlatforms) = postSolution
		{9F04C822-71CC-4366-9CA0-0266D67019C7}.Debug|Any CPU.ActiveCfg = Debug|Any CPU
		{9F04C822-71CC-4366-9CA0-0266D67019C7}.Debug|Any CPU.Build.0 = Debug|Any CPU
		{9F04C822-71CC-4366-9CA0-0266D67019C7}.Release|Any CPU.ActiveCfg = Release|Any CPU
		{9F04C822-71CC-4366-9CA0-0266D67019C7}.Release|Any CPU.Build.0 = Release|Any CPU
		{9A30E848-F73D-41FF-B300-CCAA4D441E09}.Debug|Any CPU.ActiveCfg = Debug|Any CPU
		{9A30E848-F73D-41FF-B300-CCAA4D441E09}.Debug|Any CPU.Build.0 = Debug|Any CPU
		{9A30E848-F73D-41FF-B300-CCAA4D441E09}.Release|Any CPU.ActiveCfg = Release|Any CPU
		{9A30E848-F73D-41FF-B300-CCAA4D441E09}.Release|Any CPU.Build.0 = Release|Any CPU
	EndGlobalSection
	GlobalSection(SolutionProperties) = preSolution
		HideSolutionNode = FALSE
	EndGlobalSection
	GlobalSection(ExtensibilityGlobals) = postSolution
		SolutionGuid = {980660C7-4730-4F9D-B2AA-252DFF2E5EF1}
	EndGlobalSection
EndGlobal
