
Microsoft Visual Studio Solution File, Format Version 12.00
# Visual Studio Version 17
VisualStudioVersion = 17.14.36121.58
MinimumVisualStudioVersion = 10.0.40219.1
Project("{2150E333-8FDC-42A3-9474-1A3956D46DE8}") = "Src", "Src", "{02EA681E-C7D8-13C7-8484-4AC65E1B71E8}"
EndProject
Project("{2150E333-8FDC-42A3-9474-1A3956D46DE8}") = "Tests", "Tests", "{12DABC6E-8E9F-4C36-A424-34088FB17271}"
EndProject
Project("{FAE04EC0-301F-11D3-BF4B-00C04F79EFBC}") = "CleanArchitecture.Core", "Src\CleanArchitecture.Core\CleanArchitecture.Core.csproj", "{E087C2FF-07C1-4BA4-BE1D-B5B0B8E49A6F}"
EndProject
Project("{FAE04EC0-301F-11D3-BF4B-00C04F79EFBC}") = "CleanArchitecture.CoreTest", "Tests\CleanArchitecture.CoreTest\CleanArchitecture.CoreTest.csproj", "{E7D561FB-E7F8-4302-B14D-513494C0E380}"
EndProject
Project("{2150E333-8FDC-42A3-9474-1A3956D46DE8}") = "Solution Items", "Solution Items", "{8EC462FD-D22E-90A8-E5CE-7E832BA40C5D}"
EndProject
Global
	GlobalSection(SolutionConfigurationPlatforms) = preSolution
		Debug|Any CPU = Debug|Any CPU
		Release|Any CPU = Release|Any CPU
	EndGlobalSection
	GlobalSection(ProjectConfigurationPlatforms) = postSolution
		{E087C2FF-07C1-4BA4-BE1D-B5B0B8E49A6F}.Debug|Any CPU.ActiveCfg = Debug|Any CPU
		{E087C2FF-07C1-4BA4-BE1D-B5B0B8E49A6F}.Debug|Any CPU.Build.0 = Debug|Any CPU
		{E087C2FF-07C1-4BA4-BE1D-B5B0B8E49A6F}.Release|Any CPU.ActiveCfg = Release|Any CPU
		{E087C2FF-07C1-4BA4-BE1D-B5B0B8E49A6F}.Release|Any CPU.Build.0 = Release|Any CPU
		{E7D561FB-E7F8-4302-B14D-513494C0E380}.Debug|Any CPU.ActiveCfg = Debug|Any CPU
		{E7D561FB-E7F8-4302-B14D-513494C0E380}.Debug|Any CPU.Build.0 = Debug|Any CPU
		{E7D561FB-E7F8-4302-B14D-513494C0E380}.Release|Any CPU.ActiveCfg = Release|Any CPU
		{E7D561FB-E7F8-4302-B14D-513494C0E380}.Release|Any CPU.Build.0 = Release|Any CPU
	EndGlobalSection
	GlobalSection(SolutionProperties) = preSolution
		HideSolutionNode = FALSE
	EndGlobalSection
	GlobalSection(NestedProjects) = preSolution
		{E087C2FF-07C1-4BA4-BE1D-B5B0B8E49A6F} = {02EA681E-C7D8-13C7-8484-4AC65E1B71E8}
		{E7D561FB-E7F8-4302-B14D-513494C0E380} = {12DABC6E-8E9F-4C36-A424-34088FB17271}
	EndGlobalSection
	GlobalSection(ExtensibilityGlobals) = postSolution
		SolutionGuid = {644C8E77-B640-4638-ABFC-4FDE79D254D4}
	EndGlobalSection
EndGlobal
